// !$*UTF8*$!
{
	archiveVersion = 1;
	classes = {
	};
	objectVersion = 56;
	objects = {

/* Begin PBXBuildFile section */
		5539282515614CC399655675 /* com.gingerbeardman.LastDanceHelper in Copy Helper */ = {isa = PBXBuildFile; fileRef = F8AA123A9DBF4141903DCED7 /* com.gingerbeardman.LastDanceHelper */; settings = {ATTRIBUTES = (CodeSignOnCopy, ); }; };
		97E1197879F245359CADC453 /* HelperProtocol.swift in Sources */ = {isa = PBXBuildFile; fileRef = 6B3C3D6C7D1F42C7B680D465 /* HelperProtocol.swift */; };
		A2C1DBBFA28B4A08915F1CDA /* HelperProtocol.swift in Sources */ = {isa = PBXBuildFile; fileRef = 6B3C3D6C7D1F42C7B680D465 /* HelperProtocol.swift */; };
		C91079A72C7F589300BD41E1 /* AppDelegate.swift in Sources */ = {isa = PBXBuildFile; fileRef = C91079A62C7F589300BD41E1 /* AppDelegate.swift */; };
		W50000000000000000000002 /* WelcomeView.swift in Sources */ = {isa = PBXBuildFile; fileRef = W50000000000000000000001 /* WelcomeView.swift */; };
		C91079AB2C7F589400BD41E1 /* Assets.xcassets in Resources */ = {isa = PBXBuildFile; fileRef = C91079AA2C7F589400BD41E1 /* Assets.xcassets */; };
		C91079B82C7F5B7300BD41E1 /* LastDanceApp.swift in Sources */ = {isa = PBXBuildFile; fileRef = C91079B72C7F5B7300BD41E1 /* LastDanceApp.swift */; };
		C91079C02C7F6A0000BD41E1 /* Credits.rtf in Resources */ = {isa = PBXBuildFile; fileRef = C91079BF2C7F6A0000BD41E1 /* Credits.rtf */; };
		E5F965F9A4BF4B00A436EC73 /* main.swift in Sources */ = {isa = PBXBuildFile; fileRef = B6FC902D4D2A4EADBE47F90C /* main.swift */; };
/* End PBXBuildFile section */

/* Begin PBXContainerItemProxy section */
		3C7384C486574224AC734C6C /* PBXContainerItemProxy */ = {
			isa = PBXContainerItemProxy;
			containerPortal = C910799B2C7F589300BD41E1 /* Project object */;
			proxyType = 1;
			remoteGlobalIDString = 13444AA538B94C478A76DEFA;
			remoteInfo = LastDanceHelper;
		};
/* End PBXContainerItemProxy section */

/* Begin PBXCopyFilesBuildPhase section */
		CCA9E9BA78C8424888610129 /* Copy Helper */ = {
			isa = PBXCopyFilesBuildPhase;
			buildActionMask = 2147483647;
			dstPath = Contents/Library/LaunchServices;
			dstSubfolderSpec = 1;
			files = (
				5539282515614CC399655675 /* com.gingerbeardman.LastDanceHelper in Copy Helper */,
			);
			name = "Copy Helper";
			runOnlyForDeploymentPostprocessing = 0;
		};
/* End PBXCopyFilesBuildPhase section */

/* Begin PBXFileReference section */
		6B3C3D6C7D1F42C7B680D465 /* HelperProtocol.swift */ = {isa = PBXFileReference; lastKnownFileType = sourcecode.swift; path = HelperProtocol.swift; sourceTree = "<group>"; };
		735FE6FAE714411F8A4767FF /* HelperLaunchd.plist */ = {isa = PBXFileReference; lastKnownFileType = text.plist.xml; path = HelperLaunchd.plist; sourceTree = "<group>"; };
		ADA67277AA0F4BF2BB43F716 /* Info.plist */ = {isa = PBXFileReference; lastKnownFileType = text.plist.xml; path = Info.plist; sourceTree = "<group>"; };
		B34F2B5622B8452398743C09 /* HelperInfo.plist */ = {isa = PBXFileReference; lastKnownFileType = text.plist.xml; path = HelperInfo.plist; sourceTree = "<group>"; };
		B6FC902D4D2A4EADBE47F90C /* main.swift */ = {isa = PBXFileReference; lastKnownFileType = sourcecode.swift; path = main.swift; sourceTree = "<group>"; };
		C91079A32C7F589300BD41E1 /* Last Dance.app */ = {isa = PBXFileReference; explicitFileType = wrapper.application; includeInIndex = 0; path = "Last Dance.app"; sourceTree = BUILT_PRODUCTS_DIR; };
		C91079A62C7F589300BD41E1 /* AppDelegate.swift */ = {isa = PBXFileReference; lastKnownFileType = sourcecode.swift; path = AppDelegate.swift; sourceTree = "<group>"; };
		W50000000000000000000001 /* WelcomeView.swift */ = {isa = PBXFileReference; lastKnownFileType = sourcecode.swift; path = WelcomeView.swift; sourceTree = "<group>"; };
		C91079AA2C7F589400BD41E1 /* Assets.xcassets */ = {isa = PBXFileReference; lastKnownFileType = folder.assetcatalog; path = Assets.xcassets; sourceTree = "<group>"; };
		C91079AF2C7F589400BD41E1 /* LastDance.entitlements */ = {isa = PBXFileReference; lastKnownFileType = text.plist.entitlements; path = LastDance.entitlements; sourceTree = "<group>"; };
		C91079B72C7F5B7300BD41E1 /* LastDanceApp.swift */ = {isa = PBXFileReference; lastKnownFileType = sourcecode.swift; path = LastDanceApp.swift; sourceTree = "<group>"; };
		C91079BF2C7F6A0000BD41E1 /* Credits.rtf */ = {isa = PBXFileReference; lastKnownFileType = text.rtf; path = Credits.rtf; sourceTree = "<group>"; };
		F8AA123A9DBF4141903DCED7 /* com.gingerbeardman.LastDanceHelper */ = {isa = PBXFileReference; explicitFileType = "compiled.mach-o.executable"; includeInIndex = 0; path = com.gingerbeardman.LastDanceHelper; sourceTree = BUILT_PRODUCTS_DIR; };
/* End PBXFileReference section */

/* Begin PBXFrameworksBuildPhase section */
		52DD8D16CCDC47C1B72A2853 /* Frameworks */ = {
			isa = PBXFrameworksBuildPhase;
			buildActionMask = 2147483647;
			files = (
			);
			runOnlyForDeploymentPostprocessing = 0;
		};
		C91079A02C7F589300BD41E1 /* Frameworks */ = {
			isa = PBXFrameworksBuildPhase;
			buildActionMask = 2147483647;
			files = (
			);
			runOnlyForDeploymentPostprocessing = 0;
		};
/* End PBXFrameworksBuildPhase section */

/* Begin PBXGroup section */
		30D0973B825E473EBBE43E1E /* LastDanceHelper */ = {
			isa = PBXGroup;
			children = (
				B6FC902D4D2A4EADBE47F90C /* main.swift */,
				B34F2B5622B8452398743C09 /* HelperInfo.plist */,
				735FE6FAE714411F8A4767FF /* HelperLaunchd.plist */,
			);
			path = LastDanceHelper;
			sourceTree = "<group>";
		};
		C910799A2C7F589300BD41E1 = {
			isa = PBXGroup;
			children = (
				C91079A52C7F589300BD41E1 /* LastDance */,
				30D0973B825E473EBBE43E1E /* LastDanceHelper */,
				C91079A42C7F589300BD41E1 /* Products */,
			);
			sourceTree = "<group>";
		};
		C91079A42C7F589300BD41E1 /* Products */ = {
			isa = PBXGroup;
			children = (
				C91079A32C7F589300BD41E1 /* Last Dance.app */,
				F8AA123A9DBF4141903DCED7 /* com.gingerbeardman.LastDanceHelper */,
			);
			name = Products;
			sourceTree = "<group>";
		};
		C91079A52C7F589300BD41E1 /* LastDance */ = {
			isa = PBXGroup;
			children = (
				C91079B72C7F5B7300BD41E1 /* LastDanceApp.swift */,
				C91079A62C7F589300BD41E1 /* AppDelegate.swift */,
				W50000000000000000000001 /* WelcomeView.swift */,
				6B3C3D6C7D1F42C7B680D465 /* HelperProtocol.swift */,
				C91079AA2C7F589400BD41E1 /* Assets.xcassets */,
				C91079BF2C7F6A0000BD41E1 /* Credits.rtf */,
				C91079AF2C7F589400BD41E1 /* LastDance.entitlements */,
				ADA67277AA0F4BF2BB43F716 /* Info.plist */,
			);
			path = LastDance;
			sourceTree = "<group>";
		};
/* End PBXGroup section */

/* Begin PBXNativeTarget section */
		13444AA538B94C478A76DEFA /* LastDanceHelper */ = {
			isa = PBXNativeTarget;
			buildConfigurationList = 287D5D60ABF84EE483E90222 /* Build configuration list for PBXNativeTarget "LastDanceHelper" */;
			buildPhases = (
				3B5FD9B0594A40E483152194 /* Sources */,
				52DD8D16CCDC47C1B72A2853 /* Frameworks */,
			);
			buildRules = (
			);
			dependencies = (
			);
			name = LastDanceHelper;
			productName = LastDanceHelper;
			productReference = F8AA123A9DBF4141903DCED7 /* com.gingerbeardman.LastDanceHelper */;
			productType = "com.apple.product-type.tool";
		};
		C91079A22C7F589300BD41E1 /* Last Dance */ = {
			isa = PBXNativeTarget;
			buildConfigurationList = C91079B22C7F589400BD41E1 /* Build configuration list for PBXNativeTarget "Last Dance" */;
			buildPhases = (
				C910799F2C7F589300BD41E1 /* Sources */,
				C91079A02C7F589300BD41E1 /* Frameworks */,
				CCA9E9BA78C8424888610129 /* Copy Helper */,
				C91079A12C7F589300BD41E1 /* Resources */,
			);
			buildRules = (
			);
			dependencies = (
				B94C8B27B3B94C93B23CFA41 /* PBXTargetDependency */,
			);
			name = "Last Dance";
			productName = LastDance;
			productReference = C91079A32C7F589300BD41E1 /* Last Dance.app */;
			productType = "com.apple.product-type.application";
		};
/* End PBXNativeTarget section */

/* Begin PBXProject section */
		C910799B2C7F589300BD41E1 /* Project object */ = {
			isa = PBXProject;
			attributes = {
				BuildIndependentTargetsInParallel = 1;
				LastSwiftUpdateCheck = 1540;
				LastUpgradeCheck = 2620;
				TargetAttributes = {
					13444AA538B94C478A76DEFA = {
						CreatedOnToolsVersion = 15.4;
					};
					C91079A22C7F589300BD41E1 = {
						CreatedOnToolsVersion = 15.4;
					};
				};
			};
			buildConfigurationList = C910799E2C7F589300BD41E1 /* Build configuration list for PBXProject "LastDance" */;
			compatibilityVersion = "Xcode 14.0";
			developmentRegion = en;
			hasScannedForEncodings = 0;
			knownRegions = (
				en,
				Base,
			);
			mainGroup = C910799A2C7F589300BD41E1;
			productRefGroup = C91079A42C7F589300BD41E1 /* Products */;
			projectDirPath = "";
			projectRoot = "";
			targets = (
				C91079A22C7F589300BD41E1 /* Last Dance */,
				13444AA538B94C478A76DEFA /* LastDanceHelper */,
			);
		};
/* End PBXProject section */

/* Begin PBXResourcesBuildPhase section */
		C91079A12C7F589300BD41E1 /* Resources */ = {
			isa = PBXResourcesBuildPhase;
			buildActionMask = 2147483647;
			files = (
				C91079AB2C7F589400BD41E1 /* Assets.xcassets in Resources */,
				C91079C02C7F6A0000BD41E1 /* Credits.rtf in Resources */,
			);
			runOnlyForDeploymentPostprocessing = 0;
		};
/* End PBXResourcesBuildPhase section */

/* Begin PBXSourcesBuildPhase section */
		3B5FD9B0594A40E483152194 /* Sources */ = {
			isa = PBXSourcesBuildPhase;
			buildActionMask = 2147483647;
			files = (
				E5F965F9A4BF4B00A436EC73 /* main.swift in Sources */,
				97E1197879F245359CADC453 /* HelperProtocol.swift in Sources */,
			);
			runOnlyForDeploymentPostprocessing = 0;
		};
		C910799F2C7F589300BD41E1 /* Sources */ = {
			isa = PBXSourcesBuildPhase;
			buildActionMask = 2147483647;
			files = (
				C91079B82C7F5B7300BD41E1 /* LastDanceApp.swift in Sources */,
				C91079A72C7F589300BD41E1 /* AppDelegate.swift in Sources */,
				W50000000000000000000002 /* WelcomeView.swift in Sources */,
				A2C1DBBFA28B4A08915F1CDA /* HelperProtocol.swift in Sources */,
			);
			runOnlyForDeploymentPostprocessing = 0;
		};
/* End PBXSourcesBuildPhase section */

/* Begin PBXTargetDependency section */
		B94C8B27B3B94C93B23CFA41 /* PBXTargetDependency */ = {
			isa = PBXTargetDependency;
			target = 13444AA538B94C478A76DEFA /* LastDanceHelper */;
			targetProxy = 3C7384C486574224AC734C6C /* PBXContainerItemProxy */;
		};
/* End PBXTargetDependency section */

/* Begin XCBuildConfiguration section */
		9A97F93091B24F999D74EE8E /* Release */ = {
			isa = XCBuildConfiguration;
			buildSettings = {
				CODE_SIGN_STYLE = Automatic;
				CURRENT_PROJECT_VERSION = 240828;
				DEAD_CODE_STRIPPING = YES;
				ENABLE_HARDENED_RUNTIME = YES;
				GENERATE_INFOPLIST_FILE = NO;
				MACOSX_DEPLOYMENT_TARGET = 12.0;
				OTHER_LDFLAGS = (
					"-sectcreate",
					__TEXT,
					__info_plist,
					"$(SRCROOT)/LastDanceHelper/HelperInfo.plist",
					"-sectcreate",
					__TEXT,
					__launchd_plist,
					"$(SRCROOT)/LastDanceHelper/HelperLaunchd.plist",
				);
				PRODUCT_BUNDLE_IDENTIFIER = com.gingerbeardman.LastDanceHelper;
				PRODUCT_NAME = com.gingerbeardman.LastDanceHelper;
				SKIP_INSTALL = YES;
				SWIFT_VERSION = 5.0;
			};
			name = Release;
		};
		C91079B02C7F589400BD41E1 /* Debug */ = {
			isa = XCBuildConfiguration;
			buildSettings = {
				ALWAYS_SEARCH_USER_PATHS = NO;
				ASSETCATALOG_COMPILER_GENERATE_SWIFT_ASSET_SYMBOL_EXTENSIONS = YES;
				CLANG_ANALYZER_NONNULL = YES;
				CLANG_ANALYZER_NUMBER_OBJECT_CONVERSION = YES_AGGRESSIVE;
				CLANG_CXX_LANGUAGE_STANDARD = "gnu++20";
				CLANG_ENABLE_MODULES = YES;
				CLANG_ENABLE_OBJC_ARC = YES;
				CLANG_ENABLE_OBJC_WEAK = YES;
				CLANG_WARN_BLOCK_CAPTURE_AUTORELEASING = YES;
				CLANG_WARN_BOOL_CONVERSION = YES;
				CLANG_WARN_COMMA = YES;
				CLANG_WARN_CONSTANT_CONVERSION = YES;
				CLANG_WARN_DEPRECATED_OBJC_IMPLEMENTATIONS = YES;
				CLANG_WARN_DIRECT_OBJC_ISA_USAGE = YES_ERROR;
				CLANG_WARN_DOCUMENTATION_COMMENTS = YES;
				CLANG_WARN_EMPTY_BODY = YES;
				CLANG_WARN_ENUM_CONVERSION = YES;
				CLANG_WARN_INFINITE_RECURSION = YES;
				CLANG_WARN_INT_CONVERSION = YES;
				CLANG_WARN_NON_LITERAL_NULL_CONVERSION = YES;
				CLANG_WARN_OBJC_IMPLICIT_RETAIN_SELF = YES;
				CLANG_WARN_OBJC_LITERAL_CONVERSION = YES;
				CLANG_WARN_OBJC_ROOT_CLASS = YES_ERROR;
				CLANG_WARN_QUOTED_INCLUDE_IN_FRAMEWORK_HEADER = YES;
				CLANG_WARN_RANGE_LOOP_ANALYSIS = YES;
				CLANG_WARN_STRICT_PROTOTYPES = YES;
				CLANG_WARN_SUSPICIOUS_MOVE = YES;
				CLANG_WARN_UNGUARDED_AVAILABILITY = YES_AGGRESSIVE;
				CLANG_WARN_UNREACHABLE_CODE = YES;
				CLANG_WARN__DUPLICATE_METHOD_MATCH = YES;
				COPY_PHASE_STRIP = NO;
				DEAD_CODE_STRIPPING = YES;
				DEBUG_INFORMATION_FORMAT = dwarf;
				DEVELOPMENT_TEAM = Q3Z639YB49;
				ENABLE_STRICT_OBJC_MSGSEND = YES;
				ENABLE_TESTABILITY = YES;
				ENABLE_USER_SCRIPT_SANDBOXING = YES;
				GCC_C_LANGUAGE_STANDARD = gnu17;
				GCC_DYNAMIC_NO_PIC = NO;
				GCC_NO_COMMON_BLOCKS = YES;
				GCC_OPTIMIZATION_LEVEL = 0;
				GCC_PREPROCESSOR_DEFINITIONS = (
					"DEBUG=1",
					"$(inherited)",
				);
				GCC_WARN_64_TO_32_BIT_CONVERSION = YES;
				GCC_WARN_ABOUT_RETURN_TYPE = YES_ERROR;
				GCC_WARN_UNDECLARED_SELECTOR = YES;
				GCC_WARN_UNINITIALIZED_AUTOS = YES_AGGRESSIVE;
				GCC_WARN_UNUSED_FUNCTION = YES;
				GCC_WARN_UNUSED_VARIABLE = YES;
				LOCALIZATION_PREFERS_STRING_CATALOGS = YES;
				MACOSX_DEPLOYMENT_TARGET = 12.0;
				MTL_ENABLE_DEBUG_INFO = INCLUDE_SOURCE;
				MTL_FAST_MATH = YES;
				ONLY_ACTIVE_ARCH = YES;
				SDKROOT = macosx;
				STRING_CATALOG_GENERATE_SYMBOLS = YES;
				SWIFT_ACTIVE_COMPILATION_CONDITIONS = "DEBUG $(inherited)";
				SWIFT_OPTIMIZATION_LEVEL = "-Onone";
			};
			name = Debug;
		};
		C91079B12C7F589400BD41E1 /* Release */ = {
			isa = XCBuildConfiguration;
			buildSettings = {
				ALWAYS_SEARCH_USER_PATHS = NO;
				ASSETCATALOG_COMPILER_GENERATE_SWIFT_ASSET_SYMBOL_EXTENSIONS = YES;
				CLANG_ANALYZER_NONNULL = YES;
				CLANG_ANALYZER_NUMBER_OBJECT_CONVERSION = YES_AGGRESSIVE;
				CLANG_CXX_LANGUAGE_STANDARD = "gnu++20";
				CLANG_ENABLE_MODULES = YES;
				CLANG_ENABLE_OBJC_ARC = YES;
				CLANG_ENABLE_OBJC_WEAK = YES;
				CLANG_WARN_BLOCK_CAPTURE_AUTORELEASING = YES;
				CLANG_WARN_BOOL_CONVERSION = YES;
				CLANG_WARN_COMMA = YES;
				CLANG_WARN_CONSTANT_CONVERSION = YES;
				CLANG_WARN_DEPRECATED_OBJC_IMPLEMENTATIONS = YES;
				CLANG_WARN_DIRECT_OBJC_ISA_USAGE = YES_ERROR;
				CLANG_WARN_DOCUMENTATION_COMMENTS = YES;
				CLANG_WARN_EMPTY_BODY = YES;
				CLANG_WARN_ENUM_CONVERSION = YES;
				CLANG_WARN_INFINITE_RECURSION = YES;
				CLANG_WARN_INT_CONVERSION = YES;
				CLANG_WARN_NON_LITERAL_NULL_CONVERSION = YES;
				CLANG_WARN_OBJC_IMPLICIT_RETAIN_SELF = YES;
				CLANG_WARN_OBJC_LITERAL_CONVERSION = YES;
				CLANG_WARN_OBJC_ROOT_CLASS = YES_ERROR;
				CLANG_WARN_QUOTED_INCLUDE_IN_FRAMEWORK_HEADER = YES;
				CLANG_WARN_RANGE_LOOP_ANALYSIS = YES;
				CLANG_WARN_STRICT_PROTOTYPES = YES;
				CLANG_WARN_SUSPICIOUS_MOVE = YES;
				CLANG_WARN_UNGUARDED_AVAILABILITY = YES_AGGRESSIVE;
				CLANG_WARN_UNREACHABLE_CODE = YES;
				CLANG_WARN__DUPLICATE_METHOD_MATCH = YES;
				COPY_PHASE_STRIP = NO;
				DEAD_CODE_STRIPPING = YES;
				DEBUG_INFORMATION_FORMAT = "dwarf-with-dsym";
				DEVELOPMENT_TEAM = Q3Z639YB49;
				ENABLE_NS_ASSERTIONS = NO;
				ENABLE_STRICT_OBJC_MSGSEND = YES;
				ENABLE_USER_SCRIPT_SANDBOXING = YES;
				GCC_C_LANGUAGE_STANDARD = gnu17;
				GCC_NO_COMMON_BLOCKS = YES;
				GCC_WARN_64_TO_32_BIT_CONVERSION = YES;
				GCC_WARN_ABOUT_RETURN_TYPE = YES_ERROR;
				GCC_WARN_UNDECLARED_SELECTOR = YES;
				GCC_WARN_UNINITIALIZED_AUTOS = YES_AGGRESSIVE;
				GCC_WARN_UNUSED_FUNCTION = YES;
				GCC_WARN_UNUSED_VARIABLE = YES;
				LOCALIZATION_PREFERS_STRING_CATALOGS = YES;
				MACOSX_DEPLOYMENT_TARGET = 12.0;
				MTL_ENABLE_DEBUG_INFO = NO;
				MTL_FAST_MATH = YES;
				SDKROOT = macosx;
				STRING_CATALOG_GENERATE_SYMBOLS = YES;
				SWIFT_COMPILATION_MODE = wholemodule;
			};
			name = Release;
		};
		C91079B32C7F589400BD41E1 /* Debug */ = {
			isa = XCBuildConfiguration;
			buildSettings = {
				ASSETCATALOG_COMPILER_APPICON_NAME = AppIcon;
				ASSETCATALOG_COMPILER_GLOBAL_ACCENT_COLOR_NAME = AccentColor;
				CODE_SIGN_ENTITLEMENTS = LastDance/LastDance.entitlements;
				"CODE_SIGN_IDENTITY[sdk=macosx*]" = "Apple Development";
				CODE_SIGN_STYLE = Automatic;
				COMBINE_HIDPI_IMAGES = YES;
				CURRENT_PROJECT_VERSION = 1;
				DEAD_CODE_STRIPPING = YES;
				DEVELOPMENT_TEAM = Q3Z639YB49;
				ENABLE_APP_SANDBOX = NO;
				ENABLE_HARDENED_RUNTIME = YES;
				GENERATE_INFOPLIST_FILE = NO;
				INFOPLIST_FILE = LastDance/Info.plist;
				INFOPLIST_KEY_CFBundleDisplayName = "Last Dance";
				INFOPLIST_KEY_LSApplicationCategoryType = "public.app-category.utilities";
				INFOPLIST_KEY_LSUIElement = YES;
				INFOPLIST_KEY_NSHumanReadableCopyright = "© 2024–2026 Matt Sephton";
				INFOPLIST_KEY_NSPrincipalClass = NSApplication;
				LD_RUNPATH_SEARCH_PATHS = (
					"$(inherited)",
					"@executable_path/../Frameworks",
				);
				MACOSX_DEPLOYMENT_TARGET = 11.0;
				MARKETING_VERSION = 1.0;
				PRODUCT_BUNDLE_IDENTIFIER = com.gingerbeardman.LastDance;
				PRODUCT_NAME = "$(TARGET_NAME)";
				SWIFT_EMIT_LOC_STRINGS = YES;
				SWIFT_VERSION = 5.0;
			};
			name = Debug;
		};
		C91079B42C7F589400BD41E1 /* Release */ = {
			isa = XCBuildConfiguration;
			buildSettings = {
				ASSETCATALOG_COMPILER_APPICON_NAME = AppIcon;
				ASSETCATALOG_COMPILER_GLOBAL_ACCENT_COLOR_NAME = AccentColor;
				CODE_SIGN_ENTITLEMENTS = LastDance/LastDance.entitlements;
				"CODE_SIGN_IDENTITY[sdk=macosx*]" = "Apple Development";
				CODE_SIGN_STYLE = Automatic;
				COMBINE_HIDPI_IMAGES = YES;
				CURRENT_PROJECT_VERSION = 1;
				DEAD_CODE_STRIPPING = YES;
				DEVELOPMENT_TEAM = Q3Z639YB49;
				ENABLE_APP_SANDBOX = NO;
				ENABLE_HARDENED_RUNTIME = YES;
				GENERATE_INFOPLIST_FILE = NO;
				INFOPLIST_FILE = LastDance/Info.plist;
				INFOPLIST_KEY_CFBundleDisplayName = "Last Dance";
				INFOPLIST_KEY_LSApplicationCategoryType = "public.app-category.utilities";
				INFOPLIST_KEY_LSUIElement = YES;
				INFOPLIST_KEY_NSHumanReadableCopyright = "© 2024–2026 Matt Sephton";
				INFOPLIST_KEY_NSPrincipalClass = NSApplication;
				LD_RUNPATH_SEARCH_PATHS = (
					"$(inherited)",
					"@executable_path/../Frameworks",
				);
				MACOSX_DEPLOYMENT_TARGET = 11.0;
				MARKETING_VERSION = 1.0;
				PRODUCT_BUNDLE_IDENTIFIER = com.gingerbeardman.LastDance;
				PRODUCT_NAME = "$(TARGET_NAME)";
				SWIFT_EMIT_LOC_STRINGS = YES;
				SWIFT_VERSION = 5.0;
			};
			name = Release;
		};
		F340D533572348C184669634 /* Debug */ = {
			isa = XCBuildConfiguration;
			buildSettings = {
				CODE_SIGN_STYLE = Automatic;
				CURRENT_PROJECT_VERSION = 240828;
				DEAD_CODE_STRIPPING = YES;
				ENABLE_HARDENED_RUNTIME = YES;
				GENERATE_INFOPLIST_FILE = NO;
				MACOSX_DEPLOYMENT_TARGET = 12.0;
				OTHER_LDFLAGS = (
					"-sectcreate",
					__TEXT,
					__info_plist,
					"$(SRCROOT)/LastDanceHelper/HelperInfo.plist",
					"-sectcreate",
					__TEXT,
					__launchd_plist,
					"$(SRCROOT)/LastDanceHelper/HelperLaunchd.plist",
				);
				PRODUCT_BUNDLE_IDENTIFIER = com.gingerbeardman.LastDanceHelper;
				PRODUCT_NAME = com.gingerbeardman.LastDanceHelper;
				SKIP_INSTALL = YES;
				SWIFT_VERSION = 5.0;
			};
			name = Debug;
		};
/* End XCBuildConfiguration section */

/* Begin XCConfigurationList section */
		287D5D60ABF84EE483E90222 /* Build configuration list for PBXNativeTarget "LastDanceHelper" */ = {
			isa = XCConfigurationList;
			buildConfigurations = (
				F340D533572348C184669634 /* Debug */,
				9A97F93091B24F999D74EE8E /* Release */,
			);
			defaultConfigurationIsVisible = 0;
			defaultConfigurationName = Release;
		};
		C910799E2C7F589300BD41E1 /* Build configuration list for PBXProject "LastDance" */ = {
			isa = XCConfigurationList;
			buildConfigurations = (
				C91079B02C7F589400BD41E1 /* Debug */,
				C91079B12C7F589400BD41E1 /* Release */,
			);
			defaultConfigurationIsVisible = 0;
			defaultConfigurationName = Release;
		};
		C91079B22C7F589400BD41E1 /* Build configuration list for PBXNativeTarget "Last Dance" */ = {
			isa = XCConfigurationList;
			buildConfigurations = (
				C91079B32C7F589400BD41E1 /* Debug */,
				C91079B42C7F589400BD41E1 /* Release */,
			);
			defaultConfigurationIsVisible = 0;
			defaultConfigurationName = Release;
		};
/* End XCConfigurationList section */
	};
	rootObject = C910799B2C7F589300BD41E1 /* Project object */;
}
